// !$*UTF8*$!
{
	archiveVersion = 1;
	classes = {
	};
	objectVersion = 46;
	objects = {

/* Begin PBXBuildFile section */
		198D828117B0116B00535AFB /* UIKit.framework in Frameworks */ = {isa = PBXBuildFile; fileRef = 198D828017B0116B00535AFB /* UIKit.framework */; };
		198D828317B0116B00535AFB /* Foundation.framework in Frameworks */ = {isa = PBXBuildFile; fileRef = 198D828217B0116B00535AFB /* Foundation.framework */; };
		198D828517B0116B00535AFB /* CoreGraphics.framework in Frameworks */ = {isa = PBXBuildFile; fileRef = 198D828417B0116B00535AFB /* CoreGraphics.framework */; };
		198D828B17B0116B00535AFB /* InfoPlist.strings in Resources */ = {isa = PBXBuildFile; fileRef = 198D828917B0116B00535AFB /* InfoPlist.strings */; };
		198D828D17B0116B00535AFB /* main.m in Sources */ = {isa = PBXBuildFile; fileRef = 198D828C17B0116B00535AFB /* main.m */; };
		198D829117B0116B00535AFB /* BirdAppDelegate.m in Sources */ = {isa = PBXBuildFile; fileRef = 198D829017B0116B00535AFB /* BirdAppDelegate.m */; };
		198D829317B0116B00535AFB /* Default.png in Resources */ = {isa = PBXBuildFile; fileRef = 198D829217B0116B00535AFB /* Default.png */; };
		198D829517B0116B00535AFB /* Default@2x.png in Resources */ = {isa = PBXBuildFile; fileRef = 198D829417B0116B00535AFB /* Default@2x.png */; };
		198D829717B0116B00535AFB /* Default-568h@2x.png in Resources */ = {isa = PBXBuildFile; fileRef = 198D829617B0116B00535AFB /* Default-568h@2x.png */; };
		198D829A17B0116B00535AFB /* MainStoryboard.storyboard in Resources */ = {isa = PBXBuildFile; fileRef = 198D829817B0116B00535AFB /* MainStoryboard.storyboard */; };
		198D829D17B0116B00535AFB /* BirdMasterViewController.m in Sources */ = {isa = PBXBuildFile; fileRef = 198D829C17B0116B00535AFB /* BirdMasterViewController.m */; };
		198D82A017B0116B00535AFB /* BirdDetailViewController.m in Sources */ = {isa = PBXBuildFile; fileRef = 198D829F17B0116B00535AFB /* BirdDetailViewController.m */; };
		198D82A817B01A6900535AFB /* House.m in Sources */ = {isa = PBXBuildFile; fileRef = 198D82A717B01A6900535AFB /* House.m */; };
		198D82AB17B01EF400535AFB /* Event.m in Sources */ = {isa = PBXBuildFile; fileRef = 198D82AA17B01EF400535AFB /* Event.m */; };
		198D82AE17B0224900535AFB /* SecondMasterViewController.m in Sources */ = {isa = PBXBuildFile; fileRef = 198D82AD17B0224800535AFB /* SecondMasterViewController.m */; };
		198D82B117B022E300535AFB /* SecondDetailViewController.m in Sources */ = {isa = PBXBuildFile; fileRef = 198D82B017B022E300535AFB /* SecondDetailViewController.m */; };
		198D82B417B0388F00535AFB /* RushDataController.m in Sources */ = {isa = PBXBuildFile; fileRef = 198D82B317B0388F00535AFB /* RushDataController.m */; };
		FD08CA1317C5E1B300BE5F23 /* Icon.png in Resources */ = {isa = PBXBuildFile; fileRef = FD08CA1217C5E1B300BE5F23 /* Icon.png */; };
		FD08CA1517C5E1BE00BE5F23 /* Icon@2x.png in Resources */ = {isa = PBXBuildFile; fileRef = FD08CA1417C5E1BE00BE5F23 /* Icon@2x.png */; };
		FD933E5D17C5E81300C0F627 /* AVFoundation.framework in Frameworks */ = {isa = PBXBuildFile; fileRef = FD933E5C17C5E81300C0F627 /* AVFoundation.framework */; };
		FD933E5F17C5E83900C0F627 /* CoreData.framework in Frameworks */ = {isa = PBXBuildFile; fileRef = FD933E5E17C5E83900C0F627 /* CoreData.framework */; };
		FD933E6117C5E84700C0F627 /* CoreLocation.framework in Frameworks */ = {isa = PBXBuildFile; fileRef = FD933E6017C5E84700C0F627 /* CoreLocation.framework */; };
		FD933E6317C5E85500C0F627 /* CoreText.framework in Frameworks */ = {isa = PBXBuildFile; fileRef = FD933E6217C5E85500C0F627 /* CoreText.framework */; };
		FD933E6517C5E86200C0F627 /* GLKit.framework in Frameworks */ = {isa = PBXBuildFile; fileRef = FD933E6417C5E86200C0F627 /* GLKit.framework */; };
		FD933E6717C5E88200C0F627 /* ImageIO.framework in Frameworks */ = {isa = PBXBuildFile; fileRef = FD933E6617C5E88200C0F627 /* ImageIO.framework */; };
		FD933E6917C5E89D00C0F627 /* libc++.dylib in Frameworks */ = {isa = PBXBuildFile; fileRef = FD933E6817C5E89D00C0F627 /* libc++.dylib */; };
		FD933E6B17C5E8C500C0F627 /* libicucore.dylib in Frameworks */ = {isa = PBXBuildFile; fileRef = FD933E6A17C5E8C500C0F627 /* libicucore.dylib */; };
		FD933E6D17C5E8D000C0F627 /* libz.dylib in Frameworks */ = {isa = PBXBuildFile; fileRef = FD933E6C17C5E8D000C0F627 /* libz.dylib */; };
		FD933E6F17C5E8D800C0F627 /* OpenGLES.framework in Frameworks */ = {isa = PBXBuildFile; fileRef = FD933E6E17C5E8D800C0F627 /* OpenGLES.framework */; };
		FD933E7117C5E8E100C0F627 /* QuartzCore.framework in Frameworks */ = {isa = PBXBuildFile; fileRef = FD933E7017C5E8E100C0F627 /* QuartzCore.framework */; };
		FD933E7317C5E8EA00C0F627 /* SystemConfiguration.framework in Frameworks */ = {isa = PBXBuildFile; fileRef = FD933E7217C5E8EA00C0F627 /* SystemConfiguration.framework */; };
		FD933E7517C5EACA00C0F627 /* GoogleMaps.framework in Frameworks */ = {isa = PBXBuildFile; fileRef = FD933E7417C5EACA00C0F627 /* GoogleMaps.framework */; };
		FD933E7717C5EB0800C0F627 /* GoogleMaps.bundle in Resources */ = {isa = PBXBuildFile; fileRef = FD933E7617C5EB0800C0F627 /* GoogleMaps.bundle */; };
		FD933E7D17C67B3F00C0F627 /* LaunchImage-568h.png in Resources */ = {isa = PBXBuildFile; fileRef = FD933E7A17C67B3F00C0F627 /* LaunchImage-568h.png */; };
		FD933E7E17C67B3F00C0F627 /* LaunchImage.png in Resources */ = {isa = PBXBuildFile; fileRef = FD933E7B17C67B3F00C0F627 /* LaunchImage.png */; };
		FD933E7F17C67B3F00C0F627 /* LaunchImage@2x.png in Resources */ = {isa = PBXBuildFile; fileRef = FD933E7C17C67B3F00C0F627 /* LaunchImage@2x.png */; };
		FD933E8117C67B7E00C0F627 /* Default.png in Resources */ = {isa = PBXBuildFile; fileRef = FD933E8017C67B7E00C0F627 /* Default.png */; };
		FD933E8317C67BBC00C0F627 /* Default-568h@2x.png in Resources */ = {isa = PBXBuildFile; fileRef = FD933E8217C67BBC00C0F627 /* Default-568h@2x.png */; };
		FD933E8517C67BDA00C0F627 /* Default@2x.png in Resources */ = {isa = PBXBuildFile; fileRef = FD933E8417C67BDA00C0F627 /* Default@2x.png */; };
		FD933E9317C6B8D500C0F627 /* MapViewController.m in Sources */ = {isa = PBXBuildFile; fileRef = FD933E9217C6B8D500C0F627 /* MapViewController.m */; };
		FD933E9917C6D40A00C0F627 /* StreetViewController.m in Sources */ = {isa = PBXBuildFile; fileRef = FD933E9817C6D40A00C0F627 /* StreetViewController.m */; };
		FD933E9B17C7CC4100C0F627 /* view_background.png in Resources */ = {isa = PBXBuildFile; fileRef = FD933E9A17C7CC4100C0F627 /* view_background.png */; };
		FD933E9D17C7CEE000C0F627 /* wooden_background.png in Resources */ = {isa = PBXBuildFile; fileRef = FD933E9C17C7CEE000C0F627 /* wooden_background.png */; };
		FD933EC317C7E20000C0F627 /* FUIAlertView.m in Sources */ = {isa = PBXBuildFile; fileRef = FD933EA017C7E1F500C0F627 /* FUIAlertView.m */; };
		FD933EC417C7E20000C0F627 /* FUIButton.m in Sources */ = {isa = PBXBuildFile; fileRef = FD933EA217C7E1F500C0F627 /* FUIButton.m */; };
		FD933EC517C7E20000C0F627 /* FUICellBackgroundView.m in Sources */ = {isa = PBXBuildFile; fileRef = FD933EA417C7E1F600C0F627 /* FUICellBackgroundView.m */; };
		FD933EC617C7E20000C0F627 /* FUIPopoverBackgroundView.m in Sources */ = {isa = PBXBuildFile; fileRef = FD933EA617C7E1F700C0F627 /* FUIPopoverBackgroundView.m */; };
		FD933EC717C7E20000C0F627 /* FUISegmentedControl.m in Sources */ = {isa = PBXBuildFile; fileRef = FD933EA817C7E1F700C0F627 /* FUISegmentedControl.m */; };
		FD933EC817C7E20000C0F627 /* FUISwitch.m in Sources */ = {isa = PBXBuildFile; fileRef = FD933EAA17C7E1F700C0F627 /* FUISwitch.m */; };
		FD933EC917C7E20000C0F627 /* UIBarButtonItem+FlatUI.m in Sources */ = {isa = PBXBuildFile; fileRef = FD933EAC17C7E1F800C0F627 /* UIBarButtonItem+FlatUI.m */; };
		FD933ECA17C7E20000C0F627 /* UIColor+FlatUI.m in Sources */ = {isa = PBXBuildFile; fileRef = FD933EAE17C7E1FA00C0F627 /* UIColor+FlatUI.m */; };
		FD933ECB17C7E20000C0F627 /* UIFont+FlatUI.m in Sources */ = {isa = PBXBuildFile; fileRef = FD933EB017C7E1FA00C0F627 /* UIFont+FlatUI.m */; };
		FD933ECC17C7E20000C0F627 /* UIImage+FlatUI.m in Sources */ = {isa = PBXBuildFile; fileRef = FD933EB217C7E1FA00C0F627 /* UIImage+FlatUI.m */; };
		FD933ECD17C7E20000C0F627 /* UINavigationBar+FlatUI.m in Sources */ = {isa = PBXBuildFile; fileRef = FD933EB417C7E1FA00C0F627 /* UINavigationBar+FlatUI.m */; };
		FD933ECE17C7E20000C0F627 /* UIPopoverController+FlatUI.m in Sources */ = {isa = PBXBuildFile; fileRef = FD933EB617C7E1FB00C0F627 /* UIPopoverController+FlatUI.m */; };
		FD933ECF17C7E20000C0F627 /* UIProgressView+FlatUI.m in Sources */ = {isa = PBXBuildFile; fileRef = FD933EB817C7E1FB00C0F627 /* UIProgressView+FlatUI.m */; };
		FD933ED017C7E20000C0F627 /* UISlider+FlatUI.m in Sources */ = {isa = PBXBuildFile; fileRef = FD933EBA17C7E1FB00C0F627 /* UISlider+FlatUI.m */; };
		FD933ED117C7E20000C0F627 /* UIStepper+FlatUI.m in Sources */ = {isa = PBXBuildFile; fileRef = FD933EBC17C7E1FF00C0F627 /* UIStepper+FlatUI.m */; };
		FD933ED217C7E20000C0F627 /* UITabBar+FlatUI.m in Sources */ = {isa = PBXBuildFile; fileRef = FD933EBE17C7E1FF00C0F627 /* UITabBar+FlatUI.m */; };
		FD933ED317C7E20000C0F627 /* UITableViewCell+FlatUI.m in Sources */ = {isa = PBXBuildFile; fileRef = FD933EC017C7E20000C0F627 /* UITableViewCell+FlatUI.m */; };
		FD933ED417C7E20000C0F627 /* UIToolbar+FlatUI.m in Sources */ = {isa = PBXBuildFile; fileRef = FD933EC217C7E20000C0F627 /* UIToolbar+FlatUI.m */; };
		FD933ED817C814A800C0F627 /* Montserrat-Regular.ttf in Resources */ = {isa = PBXBuildFile; fileRef = FD933ED717C814A800C0F627 /* Montserrat-Regular.ttf */; };
		FDD9EB6917CC88E600C35744 /* calendar.png in Resources */ = {isa = PBXBuildFile; fileRef = FDD9EB6717CC88E600C35744 /* calendar.png */; };
		FDD9EB6A17CC88E600C35744 /* home.png in Resources */ = {isa = PBXBuildFile; fileRef = FDD9EB6817CC88E600C35744 /* home.png */; };
		FDD9EB7517CC8D1300C35744 /* Lato-Black.ttf in Resources */ = {isa = PBXBuildFile; fileRef = FDD9EB6B17CC8D1300C35744 /* Lato-Black.ttf */; };
		FDD9EB7617CC8D1300C35744 /* Lato-BlackItalic.ttf in Resources */ = {isa = PBXBuildFile; fileRef = FDD9EB6C17CC8D1300C35744 /* Lato-BlackItalic.ttf */; };
		FDD9EB7717CC8D1300C35744 /* Lato-Bold.ttf in Resources */ = {isa = PBXBuildFile; fileRef = FDD9EB6D17CC8D1300C35744 /* Lato-Bold.ttf */; };
		FDD9EB7817CC8D1300C35744 /* Lato-BoldItalic.ttf in Resources */ = {isa = PBXBuildFile; fileRef = FDD9EB6E17CC8D1300C35744 /* Lato-BoldItalic.ttf */; };
		FDD9EB7917CC8D1300C35744 /* Lato-Hairline.ttf in Resources */ = {isa = PBXBuildFile; fileRef = FDD9EB6F17CC8D1300C35744 /* Lato-Hairline.ttf */; };
		FDD9EB7A17CC8D1300C35744 /* Lato-HairlineItalic.ttf in Resources */ = {isa = PBXBuildFile; fileRef = FDD9EB7017CC8D1300C35744 /* Lato-HairlineItalic.ttf */; };
		FDD9EB7B17CC8D1300C35744 /* Lato-Italic.ttf in Resources */ = {isa = PBXBuildFile; fileRef = FDD9EB7117CC8D1300C35744 /* Lato-Italic.ttf */; };
		FDD9EB7C17CC8D1300C35744 /* Lato-Light.ttf in Resources */ = {isa = PBXBuildFile; fileRef = FDD9EB7217CC8D1300C35744 /* Lato-Light.ttf */; };
		FDD9EB7D17CC8D1300C35744 /* Lato-LightItalic.ttf in Resources */ = {isa = PBXBuildFile; fileRef = FDD9EB7317CC8D1300C35744 /* Lato-LightItalic.ttf */; };
		FDD9EB7E17CC8D1300C35744 /* Lato-Regular.ttf in Resources */ = {isa = PBXBuildFile; fileRef = FDD9EB7417CC8D1300C35744 /* Lato-Regular.ttf */; };
/* End PBXBuildFile section */

/* Begin PBXFileReference section */
		198D827D17B0116B00535AFB /* RushWeek.app */ = {isa = PBXFileReference; explicitFileType = wrapper.application; includeInIndex = 0; path = RushWeek.app; sourceTree = BUILT_PRODUCTS_DIR; };
		198D828017B0116B00535AFB /* UIKit.framework */ = {isa = PBXFileReference; lastKnownFileType = wrapper.framework; name = UIKit.framework; path = System/Library/Frameworks/UIKit.framework; sourceTree = SDKROOT; };
		198D828217B0116B00535AFB /* Foundation.framework */ = {isa = PBXFileReference; lastKnownFileType = wrapper.framework; name = Foundation.framework; path = System/Library/Frameworks/Foundation.framework; sourceTree = SDKROOT; };
		198D828417B0116B00535AFB /* CoreGraphics.framework */ = {isa = PBXFileReference; lastKnownFileType = wrapper.framework; name = CoreGraphics.framework; path = System/Library/Frameworks/CoreGraphics.framework; sourceTree = SDKROOT; };
		198D828817B0116B00535AFB /* BirdWatching-Info.plist */ = {isa = PBXFileReference; lastKnownFileType = text.plist.xml; path = "BirdWatching-Info.plist"; sourceTree = "<group>"; };
		198D828A17B0116B00535AFB /* en */ = {isa = PBXFileReference; lastKnownFileType = text.plist.strings; name = en; path = en.lproj/InfoPlist.strings; sourceTree = "<group>"; };
		198D828C17B0116B00535AFB /* main.m */ = {isa = PBXFileReference; lastKnownFileType = sourcecode.c.objc; path = main.m; sourceTree = "<group>"; };
		198D828E17B0116B00535AFB /* BirdWatching-Prefix.pch */ = {isa = PBXFileReference; lastKnownFileType = sourcecode.c.h; path = "BirdWatching-Prefix.pch"; sourceTree = "<group>"; };
		198D828F17B0116B00535AFB /* BirdAppDelegate.h */ = {isa = PBXFileReference; lastKnownFileType = sourcecode.c.h; path = BirdAppDelegate.h; sourceTree = "<group>"; };
		198D829017B0116B00535AFB /* BirdAppDelegate.m */ = {isa = PBXFileReference; lastKnownFileType = sourcecode.c.objc; path = BirdAppDelegate.m; sourceTree = "<group>"; };
		198D829217B0116B00535AFB /* Default.png */ = {isa = PBXFileReference; lastKnownFileType = image.png; path = Default.png; sourceTree = "<group>"; };
		198D829417B0116B00535AFB /* Default@2x.png */ = {isa = PBXFileReference; lastKnownFileType = image.png; path = "Default@2x.png"; sourceTree = "<group>"; };
		198D829617B0116B00535AFB /* Default-568h@2x.png */ = {isa = PBXFileReference; lastKnownFileType = image.png; path = "Default-568h@2x.png"; sourceTree = "<group>"; };
		198D829917B0116B00535AFB /* en */ = {isa = PBXFileReference; lastKnownFileType = file.storyboard; name = en; path = en.lproj/MainStoryboard.storyboard; sourceTree = "<group>"; };
		198D829B17B0116B00535AFB /* BirdMasterViewController.h */ = {isa = PBXFileReference; lastKnownFileType = sourcecode.c.h; path = BirdMasterViewController.h; sourceTree = "<group>"; };
		198D829C17B0116B00535AFB /* BirdMasterViewController.m */ = {isa = PBXFileReference; lastKnownFileType = sourcecode.c.objc; path = BirdMasterViewController.m; sourceTree = "<group>"; };
		198D829E17B0116B00535AFB /* BirdDetailViewController.h */ = {isa = PBXFileReference; lastKnownFileType = sourcecode.c.h; path = BirdDetailViewController.h; sourceTree = "<group>"; };
		198D829F17B0116B00535AFB /* BirdDetailViewController.m */ = {isa = PBXFileReference; lastKnownFileType = sourcecode.c.objc; path = BirdDetailViewController.m; sourceTree = "<group>"; };
		198D82A617B01A6900535AFB /* House.h */ = {isa = PBXFileReference; fileEncoding = 4; lastKnownFileType = sourcecode.c.h; path = House.h; sourceTree = "<group>"; };
		198D82A717B01A6900535AFB /* House.m */ = {isa = PBXFileReference; fileEncoding = 4; lastKnownFileType = sourcecode.c.objc; path = House.m; sourceTree = "<group>"; };
		198D82A917B01EF400535AFB /* Event.h */ = {isa = PBXFileReference; fileEncoding = 4; lastKnownFileType = sourcecode.c.h; path = Event.h; sourceTree = "<group>"; };
		198D82AA17B01EF400535AFB /* Event.m */ = {isa = PBXFileReference; fileEncoding = 4; lastKnownFileType = sourcecode.c.objc; path = Event.m; sourceTree = "<group>"; };
		198D82AC17B0224800535AFB /* SecondMasterViewController.h */ = {isa = PBXFileReference; fileEncoding = 4; lastKnownFileType = sourcecode.c.h; path = SecondMasterViewController.h; sourceTree = "<group>"; };
		198D82AD17B0224800535AFB /* SecondMasterViewController.m */ = {isa = PBXFileReference; fileEncoding = 4; lastKnownFileType = sourcecode.c.objc; path = SecondMasterViewController.m; sourceTree = "<group>"; };
		198D82AF17B022E300535AFB /* SecondDetailViewController.h */ = {isa = PBXFileReference; fileEncoding = 4; lastKnownFileType = sourcecode.c.h; path = SecondDetailViewController.h; sourceTree = "<group>"; };
		198D82B017B022E300535AFB /* SecondDetailViewController.m */ = {isa = PBXFileReference; fileEncoding = 4; lastKnownFileType = sourcecode.c.objc; path = SecondDetailViewController.m; sourceTree = "<group>"; };
		198D82B217B0388F00535AFB /* RushDataController.h */ = {isa = PBXFileReference; fileEncoding = 4; lastKnownFileType = sourcecode.c.h; path = RushDataController.h; sourceTree = "<group>"; };
		198D82B317B0388F00535AFB /* RushDataController.m */ = {isa = PBXFileReference; fileEncoding = 4; lastKnownFileType = sourcecode.c.objc; path = RushDataController.m; sourceTree = "<group>"; };
		FD08CA1217C5E1B300BE5F23 /* Icon.png */ = {isa = PBXFileReference; lastKnownFileType = image.png; name = Icon.png; path = ../Icon.png; sourceTree = "<group>"; };
		FD08CA1417C5E1BE00BE5F23 /* Icon@2x.png */ = {isa = PBXFileReference; lastKnownFileType = image.png; name = "Icon@2x.png"; path = "../Icon@2x.png"; sourceTree = "<group>"; };
		FD933E5C17C5E81300C0F627 /* AVFoundation.framework */ = {isa = PBXFileReference; lastKnownFileType = wrapper.framework; name = AVFoundation.framework; path = System/Library/Frameworks/AVFoundation.framework; sourceTree = SDKROOT; };
		FD933E5E17C5E83900C0F627 /* CoreData.framework */ = {isa = PBXFileReference; lastKnownFileType = wrapper.framework; name = CoreData.framework; path = System/Library/Frameworks/CoreData.framework; sourceTree = SDKROOT; };
		FD933E6017C5E84700C0F627 /* CoreLocation.framework */ = {isa = PBXFileReference; lastKnownFileType = wrapper.framework; name = CoreLocation.framework; path = System/Library/Frameworks/CoreLocation.framework; sourceTree = SDKROOT; };
		FD933E6217C5E85500C0F627 /* CoreText.framework */ = {isa = PBXFileReference; lastKnownFileType = wrapper.framework; name = CoreText.framework; path = System/Library/Frameworks/CoreText.framework; sourceTree = SDKROOT; };
		FD933E6417C5E86200C0F627 /* GLKit.framework */ = {isa = PBXFileReference; lastKnownFileType = wrapper.framework; name = GLKit.framework; path = System/Library/Frameworks/GLKit.framework; sourceTree = SDKROOT; };
		FD933E6617C5E88200C0F627 /* ImageIO.framework */ = {isa = PBXFileReference; lastKnownFileType = wrapper.framework; name = ImageIO.framework; path = System/Library/Frameworks/ImageIO.framework; sourceTree = SDKROOT; };
		FD933E6817C5E89D00C0F627 /* libc++.dylib */ = {isa = PBXFileReference; lastKnownFileType = "compiled.mach-o.dylib"; name = "libc++.dylib"; path = "usr/lib/libc++.dylib"; sourceTree = SDKROOT; };
		FD933E6A17C5E8C500C0F627 /* libicucore.dylib */ = {isa = PBXFileReference; lastKnownFileType = "compiled.mach-o.dylib"; name = libicucore.dylib; path = usr/lib/libicucore.dylib; sourceTree = SDKROOT; };
		FD933E6C17C5E8D000C0F627 /* libz.dylib */ = {isa = PBXFileReference; lastKnownFileType = "compiled.mach-o.dylib"; name = libz.dylib; path = usr/lib/libz.dylib; sourceTree = SDKROOT; };
		FD933E6E17C5E8D800C0F627 /* OpenGLES.framework */ = {isa = PBXFileReference; lastKnownFileType = wrapper.framework; name = OpenGLES.framework; path = System/Library/Frameworks/OpenGLES.framework; sourceTree = SDKROOT; };
		FD933E7017C5E8E100C0F627 /* QuartzCore.framework */ = {isa = PBXFileReference; lastKnownFileType = wrapper.framework; name = QuartzCore.framework; path = System/Library/Frameworks/QuartzCore.framework; sourceTree = SDKROOT; };
		FD933E7217C5E8EA00C0F627 /* SystemConfiguration.framework */ = {isa = PBXFileReference; lastKnownFileType = wrapper.framework; name = SystemConfiguration.framework; path = System/Library/Frameworks/SystemConfiguration.framework; sourceTree = SDKROOT; };
		FD933E7417C5EACA00C0F627 /* GoogleMaps.framework */ = {isa = PBXFileReference; lastKnownFileType = wrapper.framework; path = GoogleMaps.framework; sourceTree = "<group>"; };
		FD933E7617C5EB0800C0F627 /* GoogleMaps.bundle */ = {isa = PBXFileReference; lastKnownFileType = "wrapper.plug-in"; name = GoogleMaps.bundle; path = GoogleMaps.framework/Versions/A/Resources/GoogleMaps.bundle; sourceTree = "<group>"; };
		FD933E7A17C67B3F00C0F627 /* LaunchImage-568h.png */ = {isa = PBXFileReference; lastKnownFileType = image.png; name = "LaunchImage-568h.png"; path = "../LaunchImage-568h.png"; sourceTree = "<group>"; };
		FD933E7B17C67B3F00C0F627 /* LaunchImage.png */ = {isa = PBXFileReference; lastKnownFileType = image.png; name = LaunchImage.png; path = ../LaunchImage.png; sourceTree = "<group>"; };
		FD933E7C17C67B3F00C0F627 /* LaunchImage@2x.png */ = {isa = PBXFileReference; lastKnownFileType = image.png; name = "LaunchImage@2x.png"; path = "../LaunchImage@2x.png"; sourceTree = "<group>"; };
		FD933E8017C67B7E00C0F627 /* Default.png */ = {isa = PBXFileReference; lastKnownFileType = image.png; name = Default.png; path = ../Default.png; sourceTree = "<group>"; };
		FD933E8217C67BBC00C0F627 /* Default-568h@2x.png */ = {isa = PBXFileReference; lastKnownFileType = image.png; name = "Default-568h@2x.png"; path = "../Default-568h@2x.png"; sourceTree = "<group>"; };
		FD933E8417C67BDA00C0F627 /* Default@2x.png */ = {isa = PBXFileReference; lastKnownFileType = image.png; name = "Default@2x.png"; path = "../Default@2x.png"; sourceTree = "<group>"; };
		FD933E9117C6B8D500C0F627 /* MapViewController.h */ = {isa = PBXFileReference; fileEncoding = 4; lastKnownFileType = sourcecode.c.h; path = MapViewController.h; sourceTree = "<group>"; };
		FD933E9217C6B8D500C0F627 /* MapViewController.m */ = {isa = PBXFileReference; fileEncoding = 4; lastKnownFileType = sourcecode.c.objc; path = MapViewController.m; sourceTree = "<group>"; };
		FD933E9717C6D40A00C0F627 /* StreetViewController.h */ = {isa = PBXFileReference; fileEncoding = 4; lastKnownFileType = sourcecode.c.h; path = StreetViewController.h; sourceTree = "<group>"; };
		FD933E9817C6D40A00C0F627 /* StreetViewController.m */ = {isa = PBXFileReference; fileEncoding = 4; lastKnownFileType = sourcecode.c.objc; path = StreetViewController.m; sourceTree = "<group>"; };
		FD933E9A17C7CC4100C0F627 /* view_background.png */ = {isa = PBXFileReference; lastKnownFileType = image.png; path = view_background.png; sourceTree = "<group>"; };
		FD933E9C17C7CEE000C0F627 /* wooden_background.png */ = {isa = PBXFileReference; lastKnownFileType = image.png; path = wooden_background.png; sourceTree = "<group>"; };
		FD933E9E17C7E1F400C0F627 /* FlatUIKit.h */ = {isa = PBXFileReference; fileEncoding = 4; lastKnownFileType = sourcecode.c.h; path = FlatUIKit.h; sourceTree = "<group>"; };
		FD933E9F17C7E1F400C0F627 /* FUIAlertView.h */ = {isa = PBXFileReference; fileEncoding = 4; lastKnownFileType = sourcecode.c.h; path = FUIAlertView.h; sourceTree = "<group>"; };
		FD933EA017C7E1F500C0F627 /* FUIAlertView.m */ = {isa = PBXFileReference; fileEncoding = 4; lastKnownFileType = sourcecode.c.objc; path = FUIAlertView.m; sourceTree = "<group>"; };
		FD933EA117C7E1F500C0F627 /* FUIButton.h */ = {isa = PBXFileReference; fileEncoding = 4; lastKnownFileType = sourcecode.c.h; path = FUIButton.h; sourceTree = "<group>"; };
		FD933EA217C7E1F500C0F627 /* FUIButton.m */ = {isa = PBXFileReference; fileEncoding = 4; lastKnownFileType = sourcecode.c.objc; path = FUIButton.m; sourceTree = "<group>"; };
		FD933EA317C7E1F600C0F627 /* FUICellBackgroundView.h */ = {isa = PBXFileReference; fileEncoding = 4; lastKnownFileType = sourcecode.c.h; path = FUICellBackgroundView.h; sourceTree = "<group>"; };
		FD933EA417C7E1F600C0F627 /* FUICellBackgroundView.m */ = {isa = PBXFileReference; fileEncoding = 4; lastKnownFileType = sourcecode.c.objc; path = FUICellBackgroundView.m; sourceTree = "<group>"; };
		FD933EA517C7E1F700C0F627 /* FUIPopoverBackgroundView.h */ = {isa = PBXFileReference; fileEncoding = 4; lastKnownFileType = sourcecode.c.h; path = FUIPopoverBackgroundView.h; sourceTree = "<group>"; };
		FD933EA617C7E1F700C0F627 /* FUIPopoverBackgroundView.m */ = {isa = PBXFileReference; fileEncoding = 4; lastKnownFileType = sourcecode.c.objc; path = FUIPopoverBackgroundView.m; sourceTree = "<group>"; };
		FD933EA717C7E1F700C0F627 /* FUISegmentedControl.h */ = {isa = PBXFileReference; fileEncoding = 4; lastKnownFileType = sourcecode.c.h; path = FUISegmentedControl.h; sourceTree = "<group>"; };
		FD933EA817C7E1F700C0F627 /* FUISegmentedControl.m */ = {isa = PBXFileReference; fileEncoding = 4; lastKnownFileType = sourcecode.c.objc; path = FUISegmentedControl.m; sourceTree = "<group>"; };
		FD933EA917C7E1F700C0F627 /* FUISwitch.h */ = {isa = PBXFileReference; fileEncoding = 4; lastKnownFileType = sourcecode.c.h; path = FUISwitch.h; sourceTree = "<group>"; };
		FD933EAA17C7E1F700C0F627 /* FUISwitch.m */ = {isa = PBXFileReference; fileEncoding = 4; lastKnownFileType = sourcecode.c.objc; path = FUISwitch.m; sourceTree = "<group>"; };
		FD933EAB17C7E1F700C0F627 /* UIBarButtonItem+FlatUI.h */ = {isa = PBXFileReference; fileEncoding = 4; lastKnownFileType = sourcecode.c.h; path = "UIBarButtonItem+FlatUI.h"; sourceTree = "<group>"; };
		FD933EAC17C7E1F800C0F627 /* UIBarButtonItem+FlatUI.m */ = {isa = PBXFileReference; fileEncoding = 4; lastKnownFileType = sourcecode.c.objc; path = "UIBarButtonItem+FlatUI.m"; sourceTree = "<group>"; };
		FD933EAD17C7E1F900C0F627 /* UIColor+FlatUI.h */ = {isa = PBXFileReference; fileEncoding = 4; lastKnownFileType = sourcecode.c.h; path = "UIColor+FlatUI.h"; sourceTree = "<group>"; };
		FD933EAE17C7E1FA00C0F627 /* UIColor+FlatUI.m */ = {isa = PBXFileReference; fileEncoding = 4; lastKnownFileType = sourcecode.c.objc; path = "UIColor+FlatUI.m"; sourceTree = "<group>"; };
		FD933EAF17C7E1FA00C0F627 /* UIFont+FlatUI.h */ = {isa = PBXFileReference; fileEncoding = 4; lastKnownFileType = sourcecode.c.h; path = "UIFont+FlatUI.h"; sourceTree = "<group>"; };
		FD933EB017C7E1FA00C0F627 /* UIFont+FlatUI.m */ = {isa = PBXFileReference; fileEncoding = 4; lastKnownFileType = sourcecode.c.objc; path = "UIFont+FlatUI.m"; sourceTree = "<group>"; };
		FD933EB117C7E1FA00C0F627 /* UIImage+FlatUI.h */ = {isa = PBXFileReference; fileEncoding = 4; lastKnownFileType = sourcecode.c.h; path = "UIImage+FlatUI.h"; sourceTree = "<group>"; };
		FD933EB217C7E1FA00C0F627 /* UIImage+FlatUI.m */ = {isa = PBXFileReference; fileEncoding = 4; lastKnownFileType = sourcecode.c.objc; path = "UIImage+FlatUI.m"; sourceTree = "<group>"; };
		FD933EB317C7E1FA00C0F627 /* UINavigationBar+FlatUI.h */ = {isa = PBXFileReference; fileEncoding = 4; lastKnownFileType = sourcecode.c.h; path = "UINavigationBar+FlatUI.h"; sourceTree = "<group>"; };
		FD933EB417C7E1FA00C0F627 /* UINavigationBar+FlatUI.m */ = {isa = PBXFileReference; fileEncoding = 4; lastKnownFileType = sourcecode.c.objc; path = "UINavigationBar+FlatUI.m"; sourceTree = "<group>"; };
		FD933EB517C7E1FB00C0F627 /* UIPopoverController+FlatUI.h */ = {isa = PBXFileReference; fileEncoding = 4; lastKnownFileType = sourcecode.c.h; path = "UIPopoverController+FlatUI.h"; sourceTree = "<group>"; };
		FD933EB617C7E1FB00C0F627 /* UIPopoverController+FlatUI.m */ = {isa = PBXFileReference; fileEncoding = 4; lastKnownFileType = sourcecode.c.objc; path = "UIPopoverController+FlatUI.m"; sourceTree = "<group>"; };
		FD933EB717C7E1FB00C0F627 /* UIProgressView+FlatUI.h */ = {isa = PBXFileReference; fileEncoding = 4; lastKnownFileType = sourcecode.c.h; path = "UIProgressView+FlatUI.h"; sourceTree = "<group>"; };
		FD933EB817C7E1FB00C0F627 /* UIProgressView+FlatUI.m */ = {isa = PBXFileReference; fileEncoding = 4; lastKnownFileType = sourcecode.c.objc; path = "UIProgressView+FlatUI.m"; sourceTree = "<group>"; };
		FD933EB917C7E1FB00C0F627 /* UISlider+FlatUI.h */ = {isa = PBXFileReference; fileEncoding = 4; lastKnownFileType = sourcecode.c.h; path = "UISlider+FlatUI.h"; sourceTree = "<group>"; };
		FD933EBA17C7E1FB00C0F627 /* UISlider+FlatUI.m */ = {isa = PBXFileReference; fileEncoding = 4; lastKnownFileType = sourcecode.c.objc; path = "UISlider+FlatUI.m"; sourceTree = "<group>"; };
		FD933EBB17C7E1FF00C0F627 /* UIStepper+FlatUI.h */ = {isa = PBXFileReference; fileEncoding = 4; lastKnownFileType = sourcecode.c.h; path = "UIStepper+FlatUI.h"; sourceTree = "<group>"; };
		FD933EBC17C7E1FF00C0F627 /* UIStepper+FlatUI.m */ = {isa = PBXFileReference; fileEncoding = 4; lastKnownFileType = sourcecode.c.objc; path = "UIStepper+FlatUI.m"; sourceTree = "<group>"; };
		FD933EBD17C7E1FF00C0F627 /* UITabBar+FlatUI.h */ = {isa = PBXFileReference; fileEncoding = 4; lastKnownFileType = sourcecode.c.h; path = "UITabBar+FlatUI.h"; sourceTree = "<group>"; };
		FD933EBE17C7E1FF00C0F627 /* UITabBar+FlatUI.m */ = {isa = PBXFileReference; fileEncoding = 4; lastKnownFileType = sourcecode.c.objc; path = "UITabBar+FlatUI.m"; sourceTree = "<group>"; };
		FD933EBF17C7E20000C0F627 /* UITableViewCell+FlatUI.h */ = {isa = PBXFileReference; fileEncoding = 4; lastKnownFileType = sourcecode.c.h; path = "UITableViewCell+FlatUI.h"; sourceTree = "<group>"; };
		FD933EC017C7E20000C0F627 /* UITableViewCell+FlatUI.m */ = {isa = PBXFileReference; fileEncoding = 4; lastKnownFileType = sourcecode.c.objc; path = "UITableViewCell+FlatUI.m"; sourceTree = "<group>"; };
		FD933EC117C7E20000C0F627 /* UIToolbar+FlatUI.h */ = {isa = PBXFileReference; fileEncoding = 4; lastKnownFileType = sourcecode.c.h; path = "UIToolbar+FlatUI.h"; sourceTree = "<group>"; };
		FD933EC217C7E20000C0F627 /* UIToolbar+FlatUI.m */ = {isa = PBXFileReference; fileEncoding = 4; lastKnownFileType = sourcecode.c.objc; path = "UIToolbar+FlatUI.m"; sourceTree = "<group>"; };
		FD933ED717C814A800C0F627 /* Montserrat-Regular.ttf */ = {isa = PBXFileReference; lastKnownFileType = file; name = "Montserrat-Regular.ttf"; path = "../Montserrat-Regular.ttf"; sourceTree = "<group>"; };
		FDD9EB6717CC88E600C35744 /* calendar.png */ = {isa = PBXFileReference; lastKnownFileType = image.png; path = calendar.png; sourceTree = "<group>"; };
		FDD9EB6817CC88E600C35744 /* home.png */ = {isa = PBXFileReference; lastKnownFileType = image.png; path = home.png; sourceTree = "<group>"; };
		FDD9EB6B17CC8D1300C35744 /* Lato-Black.ttf */ = {isa = PBXFileReference; lastKnownFileType = file; path = "Lato-Black.ttf"; sourceTree = "<group>"; };
		FDD9EB6C17CC8D1300C35744 /* Lato-BlackItalic.ttf */ = {isa = PBXFileReference; lastKnownFileType = file; path = "Lato-BlackItalic.ttf"; sourceTree = "<group>"; };
		FDD9EB6D17CC8D1300C35744 /* Lato-Bold.ttf */ = {isa = PBXFileReference; lastKnownFileType = file; path = "Lato-Bold.ttf"; sourceTree = "<group>"; };
		FDD9EB6E17CC8D1300C35744 /* Lato-BoldItalic.ttf */ = {isa = PBXFileReference; lastKnownFileType = file; path = "Lato-BoldItalic.ttf"; sourceTree = "<group>"; };
		FDD9EB6F17CC8D1300C35744 /* Lato-Hairline.ttf */ = {isa = PBXFileReference; lastKnownFileType = file; path = "Lato-Hairline.ttf"; sourceTree = "<group>"; };
		FDD9EB7017CC8D1300C35744 /* Lato-HairlineItalic.ttf */ = {isa = PBXFileReference; lastKnownFileType = file; path = "Lato-HairlineItalic.ttf"; sourceTree = "<group>"; };
		FDD9EB7117CC8D1300C35744 /* Lato-Italic.ttf */ = {isa = PBXFileReference; lastKnownFileType = file; path = "Lato-Italic.ttf"; sourceTree = "<group>"; };
		FDD9EB7217CC8D1300C35744 /* Lato-Light.ttf */ = {isa = PBXFileReference; lastKnownFileType = file; path = "Lato-Light.ttf"; sourceTree = "<group>"; };
		FDD9EB7317CC8D1300C35744 /* Lato-LightItalic.ttf */ = {isa = PBXFileReference; lastKnownFileType = file; path = "Lato-LightItalic.ttf"; sourceTree = "<group>"; };
		FDD9EB7417CC8D1300C35744 /* Lato-Regular.ttf */ = {isa = PBXFileReference; lastKnownFileType = file; path = "Lato-Regular.ttf"; sourceTree = "<group>"; };
/* End PBXFileReference section */

/* Begin PBXFrameworksBuildPhase section */
		198D827A17B0116B00535AFB /* Frameworks */ = {
			isa = PBXFrameworksBuildPhase;
			buildActionMask = 2147483647;
			files = (
				FD933E7317C5E8EA00C0F627 /* SystemConfiguration.framework in Frameworks */,
				FD933E7117C5E8E100C0F627 /* QuartzCore.framework in Frameworks */,
				FD933E6F17C5E8D800C0F627 /* OpenGLES.framework in Frameworks */,
				FD933E6D17C5E8D000C0F627 /* libz.dylib in Frameworks */,
				FD933E6B17C5E8C500C0F627 /* libicucore.dylib in Frameworks */,
				FD933E6917C5E89D00C0F627 /* libc++.dylib in Frameworks */,
				FD933E6717C5E88200C0F627 /* ImageIO.framework in Frameworks */,
				FD933E6517C5E86200C0F627 /* GLKit.framework in Frameworks */,
				FD933E6317C5E85500C0F627 /* CoreText.framework in Frameworks */,
				FD933E6117C5E84700C0F627 /* CoreLocation.framework in Frameworks */,
				FD933E5F17C5E83900C0F627 /* CoreData.framework in Frameworks */,
				FD933E5D17C5E81300C0F627 /* AVFoundation.framework in Frameworks */,
				198D828117B0116B00535AFB /* UIKit.framework in Frameworks */,
				198D828317B0116B00535AFB /* Foundation.framework in Frameworks */,
				198D828517B0116B00535AFB /* CoreGraphics.framework in Frameworks */,
				FD933E7517C5EACA00C0F627 /* GoogleMaps.framework in Frameworks */,
			);
			runOnlyForDeploymentPostprocessing = 0;
		};
/* End PBXFrameworksBuildPhase section */

/* Begin PBXGroup section */
		198D827417B0116B00535AFB = {
			isa = PBXGroup;
			children = (
				FD933E7217C5E8EA00C0F627 /* SystemConfiguration.framework */,
				FD933E7017C5E8E100C0F627 /* QuartzCore.framework */,
				FD933E6E17C5E8D800C0F627 /* OpenGLES.framework */,
				FD933E6C17C5E8D000C0F627 /* libz.dylib */,
				FD933E6A17C5E8C500C0F627 /* libicucore.dylib */,
				FD933E6817C5E89D00C0F627 /* libc++.dylib */,
				FD933E6617C5E88200C0F627 /* ImageIO.framework */,
				FD933E6417C5E86200C0F627 /* GLKit.framework */,
				FD933E6217C5E85500C0F627 /* CoreText.framework */,
				FD933E6017C5E84700C0F627 /* CoreLocation.framework */,
				FD933E5E17C5E83900C0F627 /* CoreData.framework */,
				FD933E5C17C5E81300C0F627 /* AVFoundation.framework */,
				198D828617B0116B00535AFB /* BirdWatching */,
				198D827F17B0116B00535AFB /* Frameworks */,
				198D827E17B0116B00535AFB /* Products */,
			);
			sourceTree = "<group>";
		};
		198D827E17B0116B00535AFB /* Products */ = {
			isa = PBXGroup;
			children = (
				198D827D17B0116B00535AFB /* RushWeek.app */,
			);
			name = Products;
			sourceTree = "<group>";
		};
		198D827F17B0116B00535AFB /* Frameworks */ = {
			isa = PBXGroup;
			children = (
				FD933E7617C5EB0800C0F627 /* GoogleMaps.bundle */,
				FD933E7417C5EACA00C0F627 /* GoogleMaps.framework */,
				198D828017B0116B00535AFB /* UIKit.framework */,
				198D828217B0116B00535AFB /* Foundation.framework */,
				198D828417B0116B00535AFB /* CoreGraphics.framework */,
			);
			name = Frameworks;
			sourceTree = "<group>";
		};
		198D828617B0116B00535AFB /* BirdWatching */ = {
			isa = PBXGroup;
			children = (
				FD933E9E17C7E1F400C0F627 /* FlatUIKit.h */,
				FD933E9F17C7E1F400C0F627 /* FUIAlertView.h */,
				FD933ED717C814A800C0F627 /* Montserrat-Regular.ttf */,
				FD933EA017C7E1F500C0F627 /* FUIAlertView.m */,
				FD933EA117C7E1F500C0F627 /* FUIButton.h */,
				FD933EA217C7E1F500C0F627 /* FUIButton.m */,
				FD933EA317C7E1F600C0F627 /* FUICellBackgroundView.h */,
				FD933EA417C7E1F600C0F627 /* FUICellBackgroundView.m */,
				FD933EA517C7E1F700C0F627 /* FUIPopoverBackgroundView.h */,
				FD933EA617C7E1F700C0F627 /* FUIPopoverBackgroundView.m */,
				FD933EA717C7E1F700C0F627 /* FUISegmentedControl.h */,
				FD933EA817C7E1F700C0F627 /* FUISegmentedControl.m */,
				FD933EA917C7E1F700C0F627 /* FUISwitch.h */,
				FD933EAA17C7E1F700C0F627 /* FUISwitch.m */,
				FD933EAB17C7E1F700C0F627 /* UIBarButtonItem+FlatUI.h */,
				FD933EAC17C7E1F800C0F627 /* UIBarButtonItem+FlatUI.m */,
				FD933EAD17C7E1F900C0F627 /* UIColor+FlatUI.h */,
				FD933EAE17C7E1FA00C0F627 /* UIColor+FlatUI.m */,
				FD933EAF17C7E1FA00C0F627 /* UIFont+FlatUI.h */,
				FD933EB017C7E1FA00C0F627 /* UIFont+FlatUI.m */,
				FDD9EB6B17CC8D1300C35744 /* Lato-Black.ttf */,
				FDD9EB6C17CC8D1300C35744 /* Lato-BlackItalic.ttf */,
				FDD9EB6D17CC8D1300C35744 /* Lato-Bold.ttf */,
				FDD9EB6E17CC8D1300C35744 /* Lato-BoldItalic.ttf */,
				FDD9EB6F17CC8D1300C35744 /* Lato-Hairline.ttf */,
				FDD9EB7017CC8D1300C35744 /* Lato-HairlineItalic.ttf */,
				FDD9EB7117CC8D1300C35744 /* Lato-Italic.ttf */,
				FDD9EB7217CC8D1300C35744 /* Lato-Light.ttf */,
				FDD9EB7317CC8D1300C35744 /* Lato-LightItalic.ttf */,
				FDD9EB7417CC8D1300C35744 /* Lato-Regular.ttf */,
				FD933EB117C7E1FA00C0F627 /* UIImage+FlatUI.h */,
				FD933EB217C7E1FA00C0F627 /* UIImage+FlatUI.m */,
				FD933EB317C7E1FA00C0F627 /* UINavigationBar+FlatUI.h */,
				FD933EB417C7E1FA00C0F627 /* UINavigationBar+FlatUI.m */,
				FD933EB517C7E1FB00C0F627 /* UIPopoverController+FlatUI.h */,
				FD933EB617C7E1FB00C0F627 /* UIPopoverController+FlatUI.m */,
				FD933EB717C7E1FB00C0F627 /* UIProgressView+FlatUI.h */,
				FD933EB817C7E1FB00C0F627 /* UIProgressView+FlatUI.m */,
				FD933EB917C7E1FB00C0F627 /* UISlider+FlatUI.h */,
				FD933EBA17C7E1FB00C0F627 /* UISlider+FlatUI.m */,
				FD933EBB17C7E1FF00C0F627 /* UIStepper+FlatUI.h */,
				FD933EBC17C7E1FF00C0F627 /* UIStepper+FlatUI.m */,
				FD933EBD17C7E1FF00C0F627 /* UITabBar+FlatUI.h */,
				FD933EBE17C7E1FF00C0F627 /* UITabBar+FlatUI.m */,
				FD933EBF17C7E20000C0F627 /* UITableViewCell+FlatUI.h */,
				FD933EC017C7E20000C0F627 /* UITableViewCell+FlatUI.m */,
				FD933EC117C7E20000C0F627 /* UIToolbar+FlatUI.h */,
				FD933EC217C7E20000C0F627 /* UIToolbar+FlatUI.m */,
				FD08CA1417C5E1BE00BE5F23 /* Icon@2x.png */,
				FD08CA1217C5E1B300BE5F23 /* Icon.png */,
				FD933E7A17C67B3F00C0F627 /* LaunchImage-568h.png */,
				FD933E7B17C67B3F00C0F627 /* LaunchImage.png */,
				FD933E7C17C67B3F00C0F627 /* LaunchImage@2x.png */,
				FD933E8417C67BDA00C0F627 /* Default@2x.png */,
				FD933E8217C67BBC00C0F627 /* Default-568h@2x.png */,
				FD933E8017C67B7E00C0F627 /* Default.png */,
				198D829817B0116B00535AFB /* MainStoryboard.storyboard */,
				FD933E9117C6B8D500C0F627 /* MapViewController.h */,
				FD933E9217C6B8D500C0F627 /* MapViewController.m */,
				FD933E9717C6D40A00C0F627 /* StreetViewController.h */,
				FD933E9817C6D40A00C0F627 /* StreetViewController.m */,
				198D828F17B0116B00535AFB /* BirdAppDelegate.h */,
				198D829017B0116B00535AFB /* BirdAppDelegate.m */,
				FDD9EB6717CC88E600C35744 /* calendar.png */,
				FDD9EB6817CC88E600C35744 /* home.png */,
				198D82A617B01A6900535AFB /* House.h */,
				198D82A717B01A6900535AFB /* House.m */,
				198D82A917B01EF400535AFB /* Event.h */,
				198D82AA17B01EF400535AFB /* Event.m */,
				198D82B217B0388F00535AFB /* RushDataController.h */,
				198D82B317B0388F00535AFB /* RushDataController.m */,
				FD933E9A17C7CC4100C0F627 /* view_background.png */,
				198D829B17B0116B00535AFB /* BirdMasterViewController.h */,
				198D829C17B0116B00535AFB /* BirdMasterViewController.m */,
				FD933E9C17C7CEE000C0F627 /* wooden_background.png */,
				198D829E17B0116B00535AFB /* BirdDetailViewController.h */,
				198D829F17B0116B00535AFB /* BirdDetailViewController.m */,
				198D82AC17B0224800535AFB /* SecondMasterViewController.h */,
				198D82AD17B0224800535AFB /* SecondMasterViewController.m */,
				198D82AF17B022E300535AFB /* SecondDetailViewController.h */,
				198D82B017B022E300535AFB /* SecondDetailViewController.m */,
				198D828717B0116B00535AFB /* Supporting Files */,
			);
			path = BirdWatching;
			sourceTree = "<group>";
		};
		198D828717B0116B00535AFB /* Supporting Files */ = {
			isa = PBXGroup;
			children = (
				198D828817B0116B00535AFB /* BirdWatching-Info.plist */,
				198D828917B0116B00535AFB /* InfoPlist.strings */,
				198D828C17B0116B00535AFB /* main.m */,
				198D828E17B0116B00535AFB /* BirdWatching-Prefix.pch */,
				198D829217B0116B00535AFB /* Default.png */,
				198D829417B0116B00535AFB /* Default@2x.png */,
				198D829617B0116B00535AFB /* Default-568h@2x.png */,
			);
			name = "Supporting Files";
			sourceTree = "<group>";
		};
/* End PBXGroup section */

/* Begin PBXNativeTarget section */
		198D827C17B0116B00535AFB /* BirdWatching */ = {
			isa = PBXNativeTarget;
			buildConfigurationList = 198D82A317B0116B00535AFB /* Build configuration list for PBXNativeTarget "BirdWatching" */;
			buildPhases = (
				198D827917B0116B00535AFB /* Sources */,
				198D827A17B0116B00535AFB /* Frameworks */,
				198D827B17B0116B00535AFB /* Resources */,
			);
			buildRules = (
			);
			dependencies = (
			);
			name = BirdWatching;
			productName = BirdWatching;
			productReference = 198D827D17B0116B00535AFB /* RushWeek.app */;
			productType = "com.apple.product-type.application";
		};
/* End PBXNativeTarget section */

/* Begin PBXProject section */
		198D827517B0116B00535AFB /* Project object */ = {
			isa = PBXProject;
			attributes = {
				CLASSPREFIX = Bird;
				LastUpgradeCheck = 0460;
				ORGANIZATIONNAME = Self;
				TargetAttributes = {
					198D827C17B0116B00535AFB = {
						DevelopmentTeam = AGFW489PRC;
					};
				};
			};
			buildConfigurationList = 198D827817B0116B00535AFB /* Build configuration list for PBXProject "BirdWatching" */;
			compatibilityVersion = "Xcode 3.2";
			developmentRegion = English;
			hasScannedForEncodings = 0;
			knownRegions = (
				en,
			);
			mainGroup = 198D827417B0116B00535AFB;
			productRefGroup = 198D827E17B0116B00535AFB /* Products */;
			projectDirPath = "";
			projectRoot = "";
			targets = (
				198D827C17B0116B00535AFB /* BirdWatching */,
			);
		};
/* End PBXProject section */

/* Begin PBXResourcesBuildPhase section */
		198D827B17B0116B00535AFB /* Resources */ = {
			isa = PBXResourcesBuildPhase;
			buildActionMask = 2147483647;
			files = (
				198D828B17B0116B00535AFB /* InfoPlist.strings in Resources */,
				198D829317B0116B00535AFB /* Default.png in Resources */,
				198D829517B0116B00535AFB /* Default@2x.png in Resources */,
				198D829717B0116B00535AFB /* Default-568h@2x.png in Resources */,
				198D829A17B0116B00535AFB /* MainStoryboard.storyboard in Resources */,
				FD08CA1317C5E1B300BE5F23 /* Icon.png in Resources */,
				FD08CA1517C5E1BE00BE5F23 /* Icon@2x.png in Resources */,
				FD933E7717C5EB0800C0F627 /* GoogleMaps.bundle in Resources */,
				FD933E7D17C67B3F00C0F627 /* LaunchImage-568h.png in Resources */,
				FD933E7E17C67B3F00C0F627 /* LaunchImage.png in Resources */,
				FD933E7F17C67B3F00C0F627 /* LaunchImage@2x.png in Resources */,
				FD933E8117C67B7E00C0F627 /* Default.png in Resources */,
				FD933E8317C67BBC00C0F627 /* Default-568h@2x.png in Resources */,
				FD933E8517C67BDA00C0F627 /* Default@2x.png in Resources */,
				FD933E9B17C7CC4100C0F627 /* view_background.png in Resources */,
				FD933E9D17C7CEE000C0F627 /* wooden_background.png in Resources */,
				FD933ED817C814A800C0F627 /* Montserrat-Regular.ttf in Resources */,
				FDD9EB6917CC88E600C35744 /* calendar.png in Resources */,
				FDD9EB6A17CC88E600C35744 /* home.png in Resources */,
				FDD9EB7517CC8D1300C35744 /* Lato-Black.ttf in Resources */,
				FDD9EB7617CC8D1300C35744 /* Lato-BlackItalic.ttf in Resources */,
				FDD9EB7717CC8D1300C35744 /* Lato-Bold.ttf in Resources */,
				FDD9EB7817CC8D1300C35744 /* Lato-BoldItalic.ttf in Resources */,
				FDD9EB7917CC8D1300C35744 /* Lato-Hairline.ttf in Resources */,
				FDD9EB7A17CC8D1300C35744 /* Lato-HairlineItalic.ttf in Resources */,
				FDD9EB7B17CC8D1300C35744 /* Lato-Italic.ttf in Resources */,
				FDD9EB7C17CC8D1300C35744 /* Lato-Light.ttf in Resources */,
				FDD9EB7D17CC8D1300C35744 /* Lato-LightItalic.ttf in Resources */,
				FDD9EB7E17CC8D1300C35744 /* Lato-Regular.ttf in Resources */,
			);
			runOnlyForDeploymentPostprocessing = 0;
		};
/* End PBXResourcesBuildPhase section */

/* Begin PBXSourcesBuildPhase section */
		198D827917B0116B00535AFB /* Sources */ = {
			isa = PBXSourcesBuildPhase;
			buildActionMask = 2147483647;
			files = (
				198D828D17B0116B00535AFB /* main.m in Sources */,
				198D829117B0116B00535AFB /* BirdAppDelegate.m in Sources */,
				198D829D17B0116B00535AFB /* BirdMasterViewController.m in Sources */,
				198D82A017B0116B00535AFB /* BirdDetailViewController.m in Sources */,
				198D82A817B01A6900535AFB /* House.m in Sources */,
				198D82AB17B01EF400535AFB /* Event.m in Sources */,
				198D82AE17B0224900535AFB /* SecondMasterViewController.m in Sources */,
				198D82B117B022E300535AFB /* SecondDetailViewController.m in Sources */,
				198D82B417B0388F00535AFB /* RushDataController.m in Sources */,
				FD933E9317C6B8D500C0F627 /* MapViewController.m in Sources */,
				FD933E9917C6D40A00C0F627 /* StreetViewController.m in Sources */,
				FD933EC317C7E20000C0F627 /* FUIAlertView.m in Sources */,
				FD933EC417C7E20000C0F627 /* FUIButton.m in Sources */,
				FD933EC517C7E20000C0F627 /* FUICellBackgroundView.m in Sources */,
				FD933EC617C7E20000C0F627 /* FUIPopoverBackgroundView.m in Sources */,
				FD933EC717C7E20000C0F627 /* FUISegmentedControl.m in Sources */,
				FD933EC817C7E20000C0F627 /* FUISwitch.m in Sources */,
				FD933EC917C7E20000C0F627 /* UIBarButtonItem+FlatUI.m in Sources */,
				FD933ECA17C7E20000C0F627 /* UIColor+FlatUI.m in Sources */,
				FD933ECB17C7E20000C0F627 /* UIFont+FlatUI.m in Sources */,
				FD933ECC17C7E20000C0F627 /* UIImage+FlatUI.m in Sources */,
				FD933ECD17C7E20000C0F627 /* UINavigationBar+FlatUI.m in Sources */,
				FD933ECE17C7E20000C0F627 /* UIPopoverController+FlatUI.m in Sources */,
				FD933ECF17C7E20000C0F627 /* UIProgressView+FlatUI.m in Sources */,
				FD933ED017C7E20000C0F627 /* UISlider+FlatUI.m in Sources */,
				FD933ED117C7E20000C0F627 /* UIStepper+FlatUI.m in Sources */,
				FD933ED217C7E20000C0F627 /* UITabBar+FlatUI.m in Sources */,
				FD933ED317C7E20000C0F627 /* UITableViewCell+FlatUI.m in Sources */,
				FD933ED417C7E20000C0F627 /* UIToolbar+FlatUI.m in Sources */,
			);
			runOnlyForDeploymentPostprocessing = 0;
		};
/* End PBXSourcesBuildPhase section */

/* Begin PBXVariantGroup section */
		198D828917B0116B00535AFB /* InfoPlist.strings */ = {
			isa = PBXVariantGroup;
			children = (
				198D828A17B0116B00535AFB /* en */,
			);
			name = InfoPlist.strings;
			sourceTree = "<group>";
		};
		198D829817B0116B00535AFB /* MainStoryboard.storyboard */ = {
			isa = PBXVariantGroup;
			children = (
				198D829917B0116B00535AFB /* en */,
			);
			name = MainStoryboard.storyboard;
			sourceTree = "<group>";
		};
/* End PBXVariantGroup section */

/* Begin XCBuildConfiguration section */
		198D82A117B0116B00535AFB /* Debug */ = {
			isa = XCBuildConfiguration;
			buildSettings = {
				ALWAYS_SEARCH_USER_PATHS = NO;
				ARCHS = armv7;
				CLANG_CXX_LANGUAGE_STANDARD = "gnu++0x";
				CLANG_CXX_LIBRARY = "libc++";
				CLANG_ENABLE_OBJC_ARC = YES;
				CLANG_WARN_CONSTANT_CONVERSION = YES;
				CLANG_WARN_EMPTY_BODY = YES;
				CLANG_WARN_ENUM_CONVERSION = YES;
				CLANG_WARN_INT_CONVERSION = YES;
				CLANG_WARN__DUPLICATE_METHOD_MATCH = YES;
				"CODE_SIGN_IDENTITY[sdk=iphoneos*]" = "iPhone Developer";
				COPY_PHASE_STRIP = NO;
				GCC_C_LANGUAGE_STANDARD = gnu99;
				GCC_DYNAMIC_NO_PIC = NO;
				GCC_OPTIMIZATION_LEVEL = 0;
				GCC_PREPROCESSOR_DEFINITIONS = (
					"DEBUG=1",
					"$(inherited)",
				);
				GCC_SYMBOLS_PRIVATE_EXTERN = NO;
				GCC_WARN_ABOUT_RETURN_TYPE = YES;
				GCC_WARN_UNINITIALIZED_AUTOS = YES;
				GCC_WARN_UNUSED_VARIABLE = YES;
				IPHONEOS_DEPLOYMENT_TARGET = 6.1;
				ONLY_ACTIVE_ARCH = NO;
				OTHER_LDFLAGS = "-ObjC";
				"OTHER_LDFLAGS[arch=*]" = "-ObjC";
				SDKROOT = iphoneos;
			};
			name = Debug;
		};
		198D82A217B0116B00535AFB /* Release */ = {
			isa = XCBuildConfiguration;
			buildSettings = {
				ALWAYS_SEARCH_USER_PATHS = NO;
				ARCHS = armv7;
				CLANG_CXX_LANGUAGE_STANDARD = "gnu++0x";
				CLANG_CXX_LIBRARY = "libc++";
				CLANG_ENABLE_OBJC_ARC = YES;
				CLANG_WARN_CONSTANT_CONVERSION = YES;
				CLANG_WARN_EMPTY_BODY = YES;
				CLANG_WARN_ENUM_CONVERSION = YES;
				CLANG_WARN_INT_CONVERSION = YES;
				CLANG_WARN__DUPLICATE_METHOD_MATCH = YES;
				"CODE_SIGN_IDENTITY[sdk=iphoneos*]" = "iPhone Developer";
				COPY_PHASE_STRIP = YES;
				GCC_C_LANGUAGE_STANDARD = gnu99;
				GCC_WARN_ABOUT_RETURN_TYPE = YES;
				GCC_WARN_UNINITIALIZED_AUTOS = YES;
				GCC_WARN_UNUSED_VARIABLE = YES;
				IPHONEOS_DEPLOYMENT_TARGET = 6.1;
				ONLY_ACTIVE_ARCH = YES;
				OTHER_CFLAGS = "-DNS_BLOCK_ASSERTIONS=1";
				OTHER_LDFLAGS = "-ObjC";
				"OTHER_LDFLAGS[arch=*]" = "-ObjC";
				SDKROOT = iphoneos;
				VALIDATE_PRODUCT = YES;
			};
			name = Release;
		};
		198D82A417B0116B00535AFB /* Debug */ = {
			isa = XCBuildConfiguration;
			buildSettings = {
				Architectures = armv7;
				CODE_SIGN_IDENTITY = "iPhone Developer: Nishant Desai (RKE38GQX2Y)";
				"CODE_SIGN_IDENTITY[sdk=iphoneos*]" = "iPhone Developer";
				FRAMEWORK_SEARCH_PATHS = (
					"$(inherited)",
					"\"$(SRCROOT)\"",
				);
				GCC_PRECOMPILE_PREFIX_HEADER = YES;
				GCC_PREFIX_HEADER = "BirdWatching/BirdWatching-Prefix.pch";
				INFOPLIST_FILE = "BirdWatching/BirdWatching-Info.plist";
				PRODUCT_NAME = RushWeek;
				PROVISIONING_PROFILE = "";
				TARGETED_DEVICE_FAMILY = 1;
				WRAPPER_EXTENSION = app;
			};
			name = Debug;
		};
		198D82A517B0116B00535AFB /* Release */ = {
			isa = XCBuildConfiguration;
			buildSettings = {
				Architectures = armv7;
				CODE_SIGN_IDENTITY = "iPhone Developer/Users/Nishant/Downloads/ios_distribution.cer";
				"CODE_SIGN_IDENTITY[sdk=iphoneos*]" = "iPhone Distribution: Nishant Desai (AGFW489PRC)";
				FRAMEWORK_SEARCH_PATHS = (
					"$(inherited)",
					"\"$(SRCROOT)\"",
				);
				GCC_PRECOMPILE_PREFIX_HEADER = YES;
				GCC_PREFIX_HEADER = "BirdWatching/BirdWatching-Prefix.pch";
				INFOPLIST_FILE = "BirdWatching/BirdWatching-Info.plist";
				PRODUCT_NAME = RushWeek;
				PROVISIONING_PROFILE = "";
				TARGETED_DEVICE_FAMILY = 1;
				WRAPPER_EXTENSION = app;
			};
			name = Release;
		};
/* End XCBuildConfiguration section */

/* Begin XCConfigurationList section */
		198D827817B0116B00535AFB /* Build configuration list for PBXProject "BirdWatching" */ = {
			isa = XCConfigurationList;
			buildConfigurations = (
				198D82A117B0116B00535AFB /* Debug */,
				198D82A217B0116B00535AFB /* Release */,
			);
			defaultConfigurationIsVisible = 0;
			defaultConfigurationName = Release;
		};
		198D82A317B0116B00535AFB /* Build configuration list for PBXNativeTarget "BirdWatching" */ = {
			isa = XCConfigurationList;
			buildConfigurations = (
				198D82A417B0116B00535AFB /* Debug */,
				198D82A517B0116B00535AFB /* Release */,
			);
			defaultConfigurationIsVisible = 0;
			defaultConfigurationName = Release;
		};
/* End XCConfigurationList section */
	};
	rootObject = 198D827517B0116B00535AFB /* Project object */;
}
